
Microsoft Visual Studio Solution File, Format Version 12.00
# Visual Studio Version 17
VisualStudioVersion = 17.4.33213.308
MinimumVisualStudioVersion = 10.0.40219.1
Project("{9A19103F-16F7-4668-BE54-9A1E7A4F7556}") = "UpscaleTest", "UpscaleTest\UpscaleTest.csproj", "{E4525118-14A0-40A3-91D6-1933E55F6483}"
EndProject
Project("{FAE04EC0-301F-11D3-BF4B-00C04F79EFBC}") = "Todo.Data", "Todo.Data\Todo.Data.csproj", "{83D62009-D4F1-4916-A9FB-853BA4869531}"
EndProject
Project("{FAE04EC0-301F-11D3-BF4B-00C04F79EFBC}") = "Todo.Model", "Todo.Model\Todo.Model.csproj", "{FC245FB1-288C-47EA-B7E8-9F5197017AD1}"
EndProject
Project("{FAE04EC0-301F-11D3-BF4B-00C04F79EFBC}") = "Todo.Service", "Todo.Service\Todo.Service.csproj", "{D12F6203-8EE2-4757-8204-54E83B4C5F36}"
EndProject
Project("{2150E333-8FDC-42A3-9474-1A3956D46DE8}") = "Web", "Web", "{9DA75013-E622-4CCD-A40C-78DCA721DA42}"
EndProject
Project("{2150E333-8FDC-42A3-9474-1A3956D46DE8}") = "Model", "Model", "{760A6B5C-09FA-43DF-B4F3-764B3754FB18}"
EndProject
Project("{2150E333-8FDC-42A3-9474-1A3956D46DE8}") = "Data", "Data", "{D2B7281E-A564-4D7F-83C3-60E85B997432}"
EndProject
Project("{2150E333-8FDC-42A3-9474-1A3956D46DE8}") = "Service", "Service", "{729B6AA5-26FD-4628-9A5E-64E2D6ECBDA0}"
EndProject
Project("{FAE04EC0-301F-11D3-BF4B-00C04F79EFBC}") = "Todo.Service.Interface", "Todo.Service.Interface\Todo.Service.Interface.csproj", "{1EAE17AD-07B6-42F7-A73F-AD346EBE5D83}"
EndProject
Project("{FAE04EC0-301F-11D3-BF4B-00C04F79EFBC}") = "Todo.Data.Interface", "Todo.Data.Interface\Todo.Data.Interface.csproj", "{BB1FA12A-441E-40E1-A155-F320466C0176}"
EndProject
Project("{2150E333-8FDC-42A3-9474-1A3956D46DE8}") = "Helper", "Helper", "{389F63CE-E692-4008-A871-1A029DC884A9}"
EndProject
Project("{FAE04EC0-301F-11D3-BF4B-00C04F79EFBC}") = "Todo.Helper", "Todo.Helper\Todo.Helper.csproj", "{24C31585-DA05-4705-8961-02FF0ABAAEF0}"
EndProject
Global
	GlobalSection(SolutionConfigurationPlatforms) = preSolution
		Debug|Any CPU = Debug|Any CPU
		Release|Any CPU = Release|Any CPU
	EndGlobalSection
	GlobalSection(ProjectConfigurationPlatforms) = postSolution
		{E4525118-14A0-40A3-91D6-1933E55F6483}.Debug|Any CPU.ActiveCfg = Debug|Any CPU
		{E4525118-14A0-40A3-91D6-1933E55F6483}.Debug|Any CPU.Build.0 = Debug|Any CPU
		{E4525118-14A0-40A3-91D6-1933E55F6483}.Release|Any CPU.ActiveCfg = Release|Any CPU
		{E4525118-14A0-40A3-91D6-1933E55F6483}.Release|Any CPU.Build.0 = Release|Any CPU
		{83D62009-D4F1-4916-A9FB-853BA4869531}.Debug|Any CPU.ActiveCfg = Debug|Any CPU
		{83D62009-D4F1-4916-A9FB-853BA4869531}.Debug|Any CPU.Build.0 = Debug|Any CPU
		{83D62009-D4F1-4916-A9FB-853BA4869531}.Release|Any CPU.ActiveCfg = Release|Any CPU
		{83D62009-D4F1-4916-A9FB-853BA4869531}.Release|Any CPU.Build.0 = Release|Any CPU
		{FC245FB1-288C-47EA-B7E8-9F5197017AD1}.Debug|Any CPU.ActiveCfg = Debug|Any CPU
		{FC245FB1-288C-47EA-B7E8-9F5197017AD1}.Debug|Any CPU.Build.0 = Debug|Any CPU
		{FC245FB1-288C-47EA-B7E8-9F5197017AD1}.Release|Any CPU.ActiveCfg = Release|Any CPU
		{FC245FB1-288C-47EA-B7E8-9F5197017AD1}.Release|Any CPU.Build.0 = Release|Any CPU
		{D12F6203-8EE2-4757-8204-54E83B4C5F36}.Debug|Any CPU.ActiveCfg = Debug|Any CPU
		{D12F6203-8EE2-4757-8204-54E83B4C5F36}.Debug|Any CPU.Build.0 = Debug|Any CPU
		{D12F6203-8EE2-4757-8204-54E83B4C5F36}.Release|Any CPU.ActiveCfg = Release|Any CPU
		{D12F6203-8EE2-4757-8204-54E83B4C5F36}.Release|Any CPU.Build.0 = Release|Any CPU
		{1EAE17AD-07B6-42F7-A73F-AD346EBE5D83}.Debug|Any CPU.ActiveCfg = Debug|Any CPU
		{1EAE17AD-07B6-42F7-A73F-AD346EBE5D83}.Debug|Any CPU.Build.0 = Debug|Any CPU
		{1EAE17AD-07B6-42F7-A73F-AD346EBE5D83}.Release|Any CPU.ActiveCfg = Release|Any CPU
		{1EAE17AD-07B6-42F7-A73F-AD346EBE5D83}.Release|Any CPU.Build.0 = Release|Any CPU
		{BB1FA12A-441E-40E1-A155-F320466C0176}.Debug|Any CPU.ActiveCfg = Debug|Any CPU
		{BB1FA12A-441E-40E1-A155-F320466C0176}.Debug|Any CPU.Build.0 = Debug|Any CPU
		{BB1FA12A-441E-40E1-A155-F320466C0176}.Release|Any CPU.ActiveCfg = Release|Any CPU
		{BB1FA12A-441E-40E1-A155-F320466C0176}.Release|Any CPU.Build.0 = Release|Any CPU
		{24C31585-DA05-4705-8961-02FF0ABAAEF0}.Debug|Any CPU.ActiveCfg = Debug|Any CPU
		{24C31585-DA05-4705-8961-02FF0ABAAEF0}.Debug|Any CPU.Build.0 = Debug|Any CPU
		{24C31585-DA05-4705-8961-02FF0ABAAEF0}.Release|Any CPU.ActiveCfg = Release|Any CPU
		{24C31585-DA05-4705-8961-02FF0ABAAEF0}.Release|Any CPU.Build.0 = Release|Any CPU
	EndGlobalSection
	GlobalSection(SolutionProperties) = preSolution
		HideSolutionNode = FALSE
	EndGlobalSection
	GlobalSection(NestedProjects) = preSolution
		{83D62009-D4F1-4916-A9FB-853BA4869531} = {D2B7281E-A564-4D7F-83C3-60E85B997432}
		{FC245FB1-288C-47EA-B7E8-9F5197017AD1} = {760A6B5C-09FA-43DF-B4F3-764B3754FB18}
		{D12F6203-8EE2-4757-8204-54E83B4C5F36} = {729B6AA5-26FD-4628-9A5E-64E2D6ECBDA0}
		{1EAE17AD-07B6-42F7-A73F-AD346EBE5D83} = {729B6AA5-26FD-4628-9A5E-64E2D6ECBDA0}
		{BB1FA12A-441E-40E1-A155-F320466C0176} = {D2B7281E-A564-4D7F-83C3-60E85B997432}
		{24C31585-DA05-4705-8961-02FF0ABAAEF0} = {389F63CE-E692-4008-A871-1A029DC884A9}
	EndGlobalSection
	GlobalSection(ExtensibilityGlobals) = postSolution
		SolutionGuid = {49F45C8B-1CAF-4D1E-81E0-00021D0DCE84}
	EndGlobalSection
EndGlobal
